
Microsoft Visual Studio Solution File, Format Version 12.00
# Visual Studio 15
VisualStudioVersion = 15.0.28307.421
MinimumVisualStudioVersion = 10.0.40219.1
Project("{FAE04EC0-301F-11D3-BF4B-00C04F79EFBC}") = "app.Android", "app\app.Android\app.Android.csproj", "{1E753334-8F4B-46CA-917C-0246A4CF8825}"
EndProject
Project("{FAE04EC0-301F-11D3-BF4B-00C04F79EFBC}") = "app.iOS", "app\app.iOS\app.iOS.csproj", "{CEF6DA4E-525B-4A64-8A01-B73B226D88F1}"
EndProject
Project("{FAE04EC0-301F-11D3-BF4B-00C04F79EFBC}") = "app.UWP", "app\app.UWP\app.UWP.csproj", "{AD12C81A-4AE1-4873-AF7F-B890514245EF}"
EndProject
Project("{FAE04EC0-301F-11D3-BF4B-00C04F79EFBC}") = "app", "app\app\app.csproj", "{744F9E19-42E7-46C4-814F-8BA6B812DB27}"
EndProject
Global
	GlobalSection(SolutionConfigurationPlatforms) = preSolution
		Ad-Hoc|Any CPU = Ad-Hoc|Any CPU
		Ad-Hoc|ARM = Ad-Hoc|ARM
		Ad-Hoc|iPhone = Ad-Hoc|iPhone
		Ad-Hoc|iPhoneSimulator = Ad-Hoc|iPhoneSimulator
		Ad-Hoc|x64 = Ad-Hoc|x64
		Ad-Hoc|x86 = Ad-Hoc|x86
		AppStore|Any CPU = AppStore|Any CPU
		AppStore|ARM = AppStore|ARM
		AppStore|iPhone = AppStore|iPhone
		AppStore|iPhoneSimulator = AppStore|iPhoneSimulator
		AppStore|x64 = AppStore|x64
		AppStore|x86 = AppStore|x86
		Debug|Any CPU = Debug|Any CPU
		Debug|ARM = Debug|ARM
		Debug|iPhone = Debug|iPhone
		Debug|iPhoneSimulator = Debug|iPhoneSimulator
		Debug|x64 = Debug|x64
		Debug|x86 = Debug|x86
		Release|Any CPU = Release|Any CPU
		Release|ARM = Release|ARM
		Release|iPhone = Release|iPhone
		Release|iPhoneSimulator = Release|iPhoneSimulator
		Release|x64 = Release|x64
		Release|x86 = Release|x86
	EndGlobalSection
	GlobalSection(ProjectConfigurationPlatforms) = postSolution
		{1E753334-8F4B-46CA-917C-0246A4CF8825}.Ad-Hoc|Any CPU.ActiveCfg = Release|Any CPU
		{1E753334-8F4B-46CA-917C-0246A4CF8825}.Ad-Hoc|Any CPU.Build.0 = Release|Any CPU
		{1E753334-8F4B-46CA-917C-0246A4CF8825}.Ad-Hoc|Any CPU.Deploy.0 = Release|Any CPU
		{1E753334-8F4B-46CA-917C-0246A4CF8825}.Ad-Hoc|ARM.ActiveCfg = Release|Any CPU
		{1E753334-8F4B-46CA-917C-0246A4CF8825}.Ad-Hoc|ARM.Build.0 = Release|Any CPU
		{1E753334-8F4B-46CA-917C-0246A4CF8825}.Ad-Hoc|ARM.Deploy.0 = Release|Any CPU
		{1E753334-8F4B-46CA-917C-0246A4CF8825}.Ad-Hoc|iPhone.ActiveCfg = Release|Any CPU
		{1E753334-8F4B-46CA-917C-0246A4CF8825}.Ad-Hoc|iPhone.Build.0 = Release|Any CPU
		{1E753334-8F4B-46CA-917C-0246A4CF8825}.Ad-Hoc|iPhone.Deploy.0 = Release|Any CPU
		{1E753334-8F4B-46CA-917C-0246A4CF8825}.Ad-Hoc|iPhoneSimulator.ActiveCfg = Release|Any CPU
		{1E753334-8F4B-46CA-917C-0246A4CF8825}.Ad-Hoc|iPhoneSimulator.Build.0 = Release|Any CPU
		{1E753334-8F4B-46CA-917C-0246A4CF8825}.Ad-Hoc|iPhoneSimulator.Deploy.0 = Release|Any CPU
		{1E753334-8F4B-46CA-917C-0246A4CF8825}.Ad-Hoc|x64.ActiveCfg = Release|Any CPU
		{1E753334-8F4B-46CA-917C-0246A4CF8825}.Ad-Hoc|x64.Build.0 = Release|Any CPU
		{1E753334-8F4B-46CA-917C-0246A4CF8825}.Ad-Hoc|x64.Deploy.0 = Release|Any CPU
		{1E753334-8F4B-46CA-917C-0246A4CF8825}.Ad-Hoc|x86.ActiveCfg = Release|Any CPU
		{1E753334-8F4B-46CA-917C-0246A4CF8825}.Ad-Hoc|x86.Build.0 = Release|Any CPU
		{1E753334-8F4B-46CA-917C-0246A4CF8825}.Ad-Hoc|x86.Deploy.0 = Release|Any CPU
		{1E753334-8F4B-46CA-917C-0246A4CF8825}.AppStore|Any CPU.ActiveCfg = Release|Any CPU
		{1E753334-8F4B-46CA-917C-0246A4CF8825}.AppStore|Any CPU.Build.0 = Release|Any CPU
		{1E753334-8F4B-46CA-917C-0246A4CF8825}.AppStore|Any CPU.Deploy.0 = Release|Any CPU
		{1E753334-8F4B-46CA-917C-0246A4CF8825}.AppStore|ARM.ActiveCfg = Release|Any CPU
		{1E753334-8F4B-46CA-917C-0246A4CF8825}.AppStore|ARM.Build.0 = Release|Any CPU
		{1E753334-8F4B-46CA-917C-0246A4CF8825}.AppStore|ARM.Deploy.0 = Release|Any CPU
		{1E753334-8F4B-46CA-917C-0246A4CF8825}.AppStore|iPhone.ActiveCfg = Release|Any CPU
		{1E753334-8F4B-46CA-917C-0246A4CF8825}.AppStore|iPhone.Build.0 = Release|Any CPU
		{1E753334-8F4B-46CA-917C-0246A4CF8825}.AppStore|iPhone.Deploy.0 = Release|Any CPU
		{1E753334-8F4B-46CA-917C-0246A4CF8825}.AppStore|iPhoneSimulator.ActiveCfg = Release|Any CPU
		{1E753334-8F4B-46CA-917C-0246A4CF8825}.AppStore|iPhoneSimulator.Build.0 = Release|Any CPU
		{1E753334-8F4B-46CA-917C-0246A4CF8825}.AppStore|iPhoneSimulator.Deploy.0 = Release|Any CPU
		{1E753334-8F4B-46CA-917C-0246A4CF8825}.AppStore|x64.ActiveCfg = Release|Any CPU
		{1E753334-8F4B-46CA-917C-0246A4CF8825}.AppStore|x64.Build.0 = Release|Any CPU
		{1E753334-8F4B-46CA-917C-0246A4CF8825}.AppStore|x64.Deploy.0 = Release|Any CPU
		{1E753334-8F4B-46CA-917C-0246A4CF8825}.AppStore|x86.ActiveCfg = Release|Any CPU
		{1E753334-8F4B-46CA-917C-0246A4CF8825}.AppStore|x86.Build.0 = Release|Any CPU
		{1E753334-8F4B-46CA-917C-0246A4CF8825}.AppStore|x86.Deploy.0 = Release|Any CPU
		{1E753334-8F4B-46CA-917C-0246A4CF8825}.Debug|Any CPU.ActiveCfg = Debug|Any CPU
		{1E753334-8F4B-46CA-917C-0246A4CF8825}.Debug|Any CPU.Build.0 = Debug|Any CPU
		{1E753334-8F4B-46CA-917C-0246A4CF8825}.Debug|Any CPU.Deploy.0 = Debug|Any CPU
		{1E753334-8F4B-46CA-917C-0246A4CF8825}.Debug|ARM.ActiveCfg = Debug|Any CPU
		{1E753334-8F4B-46CA-917C-0246A4CF8825}.Debug|ARM.Build.0 = Debug|Any CPU
		{1E753334-8F4B-46CA-917C-0246A4CF8825}.Debug|ARM.Deploy.0 = Debug|Any CPU
		{1E753334-8F4B-46CA-917C-0246A4CF8825}.Debug|iPhone.ActiveCfg = Debug|Any CPU
		{1E753334-8F4B-46CA-917C-0246A4CF8825}.Debug|iPhone.Build.0 = Debug|Any CPU
		{1E753334-8F4B-46CA-917C-0246A4CF8825}.Debug|iPhone.Deploy.0 = Debug|Any CPU
		{1E753334-8F4B-46CA-917C-0246A4CF8825}.Debug|iPhoneSimulator.ActiveCfg = Debug|Any CPU
		{1E753334-8F4B-46CA-917C-0246A4CF8825}.Debug|iPhoneSimulator.Build.0 = Debug|Any CPU
		{1E753334-8F4B-46CA-917C-0246A4CF8825}.Debug|iPhoneSimulator.Deploy.0 = Debug|Any CPU
		{1E753334-8F4B-46CA-917C-0246A4CF8825}.Debug|x64.ActiveCfg = Debug|Any CPU
		{1E753334-8F4B-46CA-917C-0246A4CF8825}.Debug|x64.Build.0 = Debug|Any CPU
		{1E753334-8F4B-46CA-917C-0246A4CF8825}.Debug|x64.Deploy.0 = Debug|Any CPU
		{1E753334-8F4B-46CA-917C-0246A4CF8825}.Debug|x86.ActiveCfg = Debug|Any CPU
		{1E753334-8F4B-46CA-917C-0246A4CF8825}.Debug|x86.Build.0 = Debug|Any CPU
		{1E753334-8F4B-46CA-917C-0246A4CF8825}.Debug|x86.Deploy.0 = Debug|Any CPU
		{1E753334-8F4B-46CA-917C-0246A4CF8825}.Release|Any CPU.ActiveCfg = Release|Any CPU
		{1E753334-8F4B-46CA-917C-0246A4CF8825}.Release|Any CPU.Build.0 = Release|Any CPU
		{1E753334-8F4B-46CA-917C-0246A4CF8825}.Release|Any CPU.Deploy.0 = Release|Any CPU
		{1E753334-8F4B-46CA-917C-0246A4CF8825}.Release|ARM.ActiveCfg = Release|Any CPU
		{1E753334-8F4B-46CA-917C-0246A4CF8825}.Release|ARM.Build.0 = Release|Any CPU
		{1E753334-8F4B-46CA-917C-0246A4CF8825}.Release|ARM.Deploy.0 = Release|Any CPU
		{1E753334-8F4B-46CA-917C-0246A4CF8825}.Release|iPhone.ActiveCfg = Release|Any CPU
		{1E753334-8F4B-46CA-917C-0246A4CF8825}.Release|iPhone.Build.0 = Release|Any CPU
		{1E753334-8F4B-46CA-917C-0246A4CF8825}.Release|iPhone.Deploy.0 = Release|Any CPU
		{1E753334-8F4B-46CA-917C-0246A4CF8825}.Release|iPhoneSimulator.ActiveCfg = Release|Any CPU
		{1E753334-8F4B-46CA-917C-0246A4CF8825}.Release|iPhoneSimulator.Build.0 = Release|Any CPU
		{1E753334-8F4B-46CA-917C-0246A4CF8825}.Release|iPhoneSimulator.Deploy.0 = Release|Any CPU
		{1E753334-8F4B-46CA-917C-0246A4CF8825}.Release|x64.ActiveCfg = Release|Any CPU
		{1E753334-8F4B-46CA-917C-0246A4CF8825}.Release|x64.Build.0 = Release|Any CPU
		{1E753334-8F4B-46CA-917C-0246A4CF8825}.Release|x64.Deploy.0 = Release|Any CPU
		{1E753334-8F4B-46CA-917C-0246A4CF8825}.Release|x86.ActiveCfg = Release|Any CPU
		{1E753334-8F4B-46CA-917C-0246A4CF8825}.Release|x86.Build.0 = Release|Any CPU
		{1E753334-8F4B-46CA-917C-0246A4CF8825}.Release|x86.Deploy.0 = Release|Any CPU
		{CEF6DA4E-525B-4A64-8A01-B73B226D88F1}.Ad-Hoc|Any CPU.ActiveCfg = Ad-Hoc|iPhone
		{CEF6DA4E-525B-4A64-8A01-B73B226D88F1}.Ad-Hoc|Any CPU.Build.0 = Ad-Hoc|iPhone
		{CEF6DA4E-525B-4A64-8A01-B73B226D88F1}.Ad-Hoc|Any CPU.Deploy.0 = Ad-Hoc|iPhone
		{CEF6DA4E-525B-4A64-8A01-B73B226D88F1}.Ad-Hoc|ARM.ActiveCfg = Ad-Hoc|iPhone
		{CEF6DA4E-525B-4A64-8A01-B73B226D88F1}.Ad-Hoc|ARM.Build.0 = Ad-Hoc|iPhone
		{CEF6DA4E-525B-4A64-8A01-B73B226D88F1}.Ad-Hoc|ARM.Deploy.0 = Ad-Hoc|iPhone
		{CEF6DA4E-525B-4A64-8A01-B73B226D88F1}.Ad-Hoc|iPhone.ActiveCfg = Ad-Hoc|iPhone
		{CEF6DA4E-525B-4A64-8A01-B73B226D88F1}.Ad-Hoc|iPhone.Build.0 = Ad-Hoc|iPhone
		{CEF6DA4E-525B-4A64-8A01-B73B226D88F1}.Ad-Hoc|iPhone.Deploy.0 = Ad-Hoc|iPhone
		{CEF6DA4E-525B-4A64-8A01-B73B226D88F1}.Ad-Hoc|iPhoneSimulator.ActiveCfg = Ad-Hoc|iPhoneSimulator
		{CEF6DA4E-525B-4A64-8A01-B73B226D88F1}.Ad-Hoc|iPhoneSimulator.Build.0 = Ad-Hoc|iPhoneSimulator
		{CEF6DA4E-525B-4A64-8A01-B73B226D88F1}.Ad-Hoc|iPhoneSimulator.Deploy.0 = Ad-Hoc|iPhoneSimulator
		{CEF6DA4E-525B-4A64-8A01-B73B226D88F1}.Ad-Hoc|x64.ActiveCfg = Ad-Hoc|iPhone
		{CEF6DA4E-525B-4A64-8A01-B73B226D88F1}.Ad-Hoc|x64.Build.0 = Ad-Hoc|iPhone
		{CEF6DA4E-525B-4A64-8A01-B73B226D88F1}.Ad-Hoc|x64.Deploy.0 = Ad-Hoc|iPhone
		{CEF6DA4E-525B-4A64-8A01-B73B226D88F1}.Ad-Hoc|x86.ActiveCfg = Ad-Hoc|iPhone
		{CEF6DA4E-525B-4A64-8A01-B73B226D88F1}.Ad-Hoc|x86.Build.0 = Ad-Hoc|iPhone
		{CEF6DA4E-525B-4A64-8A01-B73B226D88F1}.Ad-Hoc|x86.Deploy.0 = Ad-Hoc|iPhone
		{CEF6DA4E-525B-4A64-8A01-B73B226D88F1}.AppStore|Any CPU.ActiveCfg = AppStore|iPhone
		{CEF6DA4E-525B-4A64-8A01-B73B226D88F1}.AppStore|Any CPU.Build.0 = AppStore|iPhone
		{CEF6DA4E-525B-4A64-8A01-B73B226D88F1}.AppStore|Any CPU.Deploy.0 = AppStore|iPhone
		{CEF6DA4E-525B-4A64-8A01-B73B226D88F1}.AppStore|ARM.ActiveCfg = AppStore|iPhone
		{CEF6DA4E-525B-4A64-8A01-B73B226D88F1}.AppStore|ARM.Build.0 = AppStore|iPhone
		{CEF6DA4E-525B-4A64-8A01-B73B226D88F1}.AppStore|ARM.Deploy.0 = AppStore|iPhone
		{CEF6DA4E-525B-4A64-8A01-B73B226D88F1}.AppStore|iPhone.ActiveCfg = AppStore|iPhone
		{CEF6DA4E-525B-4A64-8A01-B73B226D88F1}.AppStore|iPhone.Build.0 = AppStore|iPhone
		{CEF6DA4E-525B-4A64-8A01-B73B226D88F1}.AppStore|iPhone.Deploy.0 = AppStore|iPhone
		{CEF6DA4E-525B-4A64-8A01-B73B226D88F1}.AppStore|iPhoneSimulator.ActiveCfg = AppStore|iPhoneSimulator
		{CEF6DA4E-525B-4A64-8A01-B73B226D88F1}.AppStore|iPhoneSimulator.Build.0 = AppStore|iPhoneSimulator
		{CEF6DA4E-525B-4A64-8A01-B73B226D88F1}.AppStore|iPhoneSimulator.Deploy.0 = AppStore|iPhoneSimulator
		{CEF6DA4E-525B-4A64-8A01-B73B226D88F1}.AppStore|x64.ActiveCfg = AppStore|iPhone
		{CEF6DA4E-525B-4A64-8A01-B73B226D88F1}.AppStore|x64.Build.0 = AppStore|iPhone
		{CEF6DA4E-525B-4A64-8A01-B73B226D88F1}.AppStore|x64.Deploy.0 = AppStore|iPhone
		{CEF6DA4E-525B-4A64-8A01-B73B226D88F1}.AppStore|x86.ActiveCfg = AppStore|iPhone
		{CEF6DA4E-525B-4A64-8A01-B73B226D88F1}.AppStore|x86.Build.0 = AppStore|iPhone
		{CEF6DA4E-525B-4A64-8A01-B73B226D88F1}.AppStore|x86.Deploy.0 = AppStore|iPhone
		{CEF6DA4E-525B-4A64-8A01-B73B226D88F1}.Debug|Any CPU.ActiveCfg = Debug|iPhoneSimulator
		{CEF6DA4E-525B-4A64-8A01-B73B226D88F1}.Debug|Any CPU.Build.0 = Debug|iPhoneSimulator
		{CEF6DA4E-525B-4A64-8A01-B73B226D88F1}.Debug|Any CPU.Deploy.0 = Debug|iPhoneSimulator
		{CEF6DA4E-525B-4A64-8A01-B73B226D88F1}.Debug|ARM.ActiveCfg = Debug|iPhone
		{CEF6DA4E-525B-4A64-8A01-B73B226D88F1}.Debug|ARM.Build.0 = Debug|iPhone
		{CEF6DA4E-525B-4A64-8A01-B73B226D88F1}.Debug|ARM.Deploy.0 = Debug|iPhone
		{CEF6DA4E-525B-4A64-8A01-B73B226D88F1}.Debug|iPhone.ActiveCfg = Debug|iPhone
		{CEF6DA4E-525B-4A64-8A01-B73B226D88F1}.Debug|iPhone.Build.0 = Debug|iPhone
		{CEF6DA4E-525B-4A64-8A01-B73B226D88F1}.Debug|iPhone.Deploy.0 = Debug|iPhone
		{CEF6DA4E-525B-4A64-8A01-B73B226D88F1}.Debug|iPhoneSimulator.ActiveCfg = Debug|iPhoneSimulator
		{CEF6DA4E-525B-4A64-8A01-B73B226D88F1}.Debug|iPhoneSimulator.Build.0 = Debug|iPhoneSimulator
		{CEF6DA4E-525B-4A64-8A01-B73B226D88F1}.Debug|iPhoneSimulator.Deploy.0 = Debug|iPhoneSimulator
		{CEF6DA4E-525B-4A64-8A01-B73B226D88F1}.Debug|x64.ActiveCfg = Debug|iPhone
		{CEF6DA4E-525B-4A64-8A01-B73B226D88F1}.Debug|x64.Build.0 = Debug|iPhone
		{CEF6DA4E-525B-4A64-8A01-B73B226D88F1}.Debug|x64.Deploy.0 = Debug|iPhone
		{CEF6DA4E-525B-4A64-8A01-B73B226D88F1}.Debug|x86.ActiveCfg = Debug|iPhone
		{CEF6DA4E-525B-4A64-8A01-B73B226D88F1}.Debug|x86.Build.0 = Debug|iPhone
		{CEF6DA4E-525B-4A64-8A01-B73B226D88F1}.Debug|x86.Deploy.0 = Debug|iPhone
		{CEF6DA4E-525B-4A64-8A01-B73B226D88F1}.Release|Any CPU.ActiveCfg = Release|iPhone
		{CEF6DA4E-525B-4A64-8A01-B73B226D88F1}.Release|Any CPU.Build.0 = Release|iPhone
		{CEF6DA4E-525B-4A64-8A01-B73B226D88F1}.Release|Any CPU.Deploy.0 = Release|iPhone
		{CEF6DA4E-525B-4A64-8A01-B73B226D88F1}.Release|ARM.ActiveCfg = Release|iPhone
		{CEF6DA4E-525B-4A64-8A01-B73B226D88F1}.Release|ARM.Build.0 = Release|iPhone
		{CEF6DA4E-525B-4A64-8A01-B73B226D88F1}.Release|ARM.Deploy.0 = Release|iPhone
		{CEF6DA4E-525B-4A64-8A01-B73B226D88F1}.Release|iPhone.ActiveCfg = Release|iPhone
		{CEF6DA4E-525B-4A64-8A01-B73B226D88F1}.Release|iPhone.Build.0 = Release|iPhone
		{CEF6DA4E-525B-4A64-8A01-B73B226D88F1}.Release|iPhone.Deploy.0 = Release|iPhone
		{CEF6DA4E-525B-4A64-8A01-B73B226D88F1}.Release|iPhoneSimulator.ActiveCfg = Release|iPhoneSimulator
		{CEF6DA4E-525B-4A64-8A01-B73B226D88F1}.Release|iPhoneSimulator.Build.0 = Release|iPhoneSimulator
		{CEF6DA4E-525B-4A64-8A01-B73B226D88F1}.Release|iPhoneSimulator.Deploy.0 = Release|iPhoneSimulator
		{CEF6DA4E-525B-4A64-8A01-B73B226D88F1}.Release|x64.ActiveCfg = Release|iPhone
		{CEF6DA4E-525B-4A64-8A01-B73B226D88F1}.Release|x64.Build.0 = Release|iPhone
		{CEF6DA4E-525B-4A64-8A01-B73B226D88F1}.Release|x64.Deploy.0 = Release|iPhone
		{CEF6DA4E-525B-4A64-8A01-B73B226D88F1}.Release|x86.ActiveCfg = Release|iPhone
		{CEF6DA4E-525B-4A64-8A01-B73B226D88F1}.Release|x86.Build.0 = Release|iPhone
		{CEF6DA4E-525B-4A64-8A01-B73B226D88F1}.Release|x86.Deploy.0 = Release|iPhone
		{AD12C81A-4AE1-4873-AF7F-B890514245EF}.Ad-Hoc|Any CPU.ActiveCfg = Release|x86
		{AD12C81A-4AE1-4873-AF7F-B890514245EF}.Ad-Hoc|Any CPU.Build.0 = Release|x86
		{AD12C81A-4AE1-4873-AF7F-B890514245EF}.Ad-Hoc|Any CPU.Deploy.0 = Release|x86
		{AD12C81A-4AE1-4873-AF7F-B890514245EF}.Ad-Hoc|ARM.ActiveCfg = Release|ARM
		{AD12C81A-4AE1-4873-AF7F-B890514245EF}.Ad-Hoc|ARM.Build.0 = Release|ARM
		{AD12C81A-4AE1-4873-AF7F-B890514245EF}.Ad-Hoc|ARM.Deploy.0 = Release|ARM
		{AD12C81A-4AE1-4873-AF7F-B890514245EF}.Ad-Hoc|iPhone.ActiveCfg = Release|x86
		{AD12C81A-4AE1-4873-AF7F-B890514245EF}.Ad-Hoc|iPhone.Build.0 = Release|x86
		{AD12C81A-4AE1-4873-AF7F-B890514245EF}.Ad-Hoc|iPhone.Deploy.0 = Release|x86
		{AD12C81A-4AE1-4873-AF7F-B890514245EF}.Ad-Hoc|iPhoneSimulator.ActiveCfg = Release|x86
		{AD12C81A-4AE1-4873-AF7F-B890514245EF}.Ad-Hoc|iPhoneSimulator.Build.0 = Release|x86
		{AD12C81A-4AE1-4873-AF7F-B890514245EF}.Ad-Hoc|iPhoneSimulator.Deploy.0 = Release|x86
		{AD12C81A-4AE1-4873-AF7F-B890514245EF}.Ad-Hoc|x64.ActiveCfg = Release|x64
		{AD12C81A-4AE1-4873-AF7F-B890514245EF}.Ad-Hoc|x64.Build.0 = Release|x64
		{AD12C81A-4AE1-4873-AF7F-B890514245EF}.Ad-Hoc|x64.Deploy.0 = Release|x64
		{AD12C81A-4AE1-4873-AF7F-B890514245EF}.Ad-Hoc|x86.ActiveCfg = Release|x86
		{AD12C81A-4AE1-4873-AF7F-B890514245EF}.Ad-Hoc|x86.Build.0 = Release|x86
		{AD12C81A-4AE1-4873-AF7F-B890514245EF}.Ad-Hoc|x86.Deploy.0 = Release|x86
		{AD12C81A-4AE1-4873-AF7F-B890514245EF}.AppStore|Any CPU.ActiveCfg = Release|x86
		{AD12C81A-4AE1-4873-AF7F-B890514245EF}.AppStore|Any CPU.Build.0 = Release|x86
		{AD12C81A-4AE1-4873-AF7F-B890514245EF}.AppStore|Any CPU.Deploy.0 = Release|x86
		{AD12C81A-4AE1-4873-AF7F-B890514245EF}.AppStore|ARM.ActiveCfg = Release|ARM
		{AD12C81A-4AE1-4873-AF7F-B890514245EF}.AppStore|ARM.Build.0 = Release|ARM
		{AD12C81A-4AE1-4873-AF7F-B890514245EF}.AppStore|ARM.Deploy.0 = Release|ARM
		{AD12C81A-4AE1-4873-AF7F-B890514245EF}.AppStore|iPhone.ActiveCfg = Release|x86
		{AD12C81A-4AE1-4873-AF7F-B890514245EF}.AppStore|iPhone.Build.0 = Release|x86
		{AD12C81A-4AE1-4873-AF7F-B890514245EF}.AppStore|iPhone.Deploy.0 = Release|x86
		{AD12C81A-4AE1-4873-AF7F-B890514245EF}.AppStore|iPhoneSimulator.ActiveCfg = Release|x86
		{AD12C81A-4AE1-4873-AF7F-B890514245EF}.AppStore|iPhoneSimulator.Build.0 = Release|x86
		{AD12C81A-4AE1-4873-AF7F-B890514245EF}.AppStore|iPhoneSimulator.Deploy.0 = Release|x86
		{AD12C81A-4AE1-4873-AF7F-B890514245EF}.AppStore|x64.ActiveCfg = Release|x64
		{AD12C81A-4AE1-4873-AF7F-B890514245EF}.AppStore|x64.Build.0 = Release|x64
		{AD12C81A-4AE1-4873-AF7F-B890514245EF}.AppStore|x64.Deploy.0 = Release|x64
		{AD12C81A-4AE1-4873-AF7F-B890514245EF}.AppStore|x86.ActiveCfg = Release|x86
		{AD12C81A-4AE1-4873-AF7F-B890514245EF}.AppStore|x86.Build.0 = Release|x86
		{AD12C81A-4AE1-4873-AF7F-B890514245EF}.AppStore|x86.Deploy.0 = Release|x86
		{AD12C81A-4AE1-4873-AF7F-B890514245EF}.Debug|Any CPU.ActiveCfg = Debug|x86
		{AD12C81A-4AE1-4873-AF7F-B890514245EF}.Debug|Any CPU.Build.0 = Debug|x86
		{AD12C81A-4AE1-4873-AF7F-B890514245EF}.Debug|Any CPU.Deploy.0 = Debug|x86
		{AD12C81A-4AE1-4873-AF7F-B890514245EF}.Debug|ARM.ActiveCfg = Debug|ARM
		{AD12C81A-4AE1-4873-AF7F-B890514245EF}.Debug|ARM.Build.0 = Debug|ARM
		{AD12C81A-4AE1-4873-AF7F-B890514245EF}.Debug|ARM.Deploy.0 = Debug|ARM
		{AD12C81A-4AE1-4873-AF7F-B890514245EF}.Debug|iPhone.ActiveCfg = Debug|x86
		{AD12C81A-4AE1-4873-AF7F-B890514245EF}.Debug|iPhone.Build.0 = Debug|x86
		{AD12C81A-4AE1-4873-AF7F-B890514245EF}.Debug|iPhone.Deploy.0 = Debug|x86
		{AD12C81A-4AE1-4873-AF7F-B890514245EF}.Debug|iPhoneSimulator.ActiveCfg = Debug|x86
		{AD12C81A-4AE1-4873-AF7F-B890514245EF}.Debug|iPhoneSimulator.Build.0 = Debug|x86
		{AD12C81A-4AE1-4873-AF7F-B890514245EF}.Debug|iPhoneSimulator.Deploy.0 = Debug|x86
		{AD12C81A-4AE1-4873-AF7F-B890514245EF}.Debug|x64.ActiveCfg = Debug|x64
		{AD12C81A-4AE1-4873-AF7F-B890514245EF}.Debug|x64.Build.0 = Debug|x64
		{AD12C81A-4AE1-4873-AF7F-B890514245EF}.Debug|x64.Deploy.0 = Debug|x64
		{AD12C81A-4AE1-4873-AF7F-B890514245EF}.Debug|x86.ActiveCfg = Debug|x86
		{AD12C81A-4AE1-4873-AF7F-B890514245EF}.Debug|x86.Build.0 = Debug|x86
		{AD12C81A-4AE1-4873-AF7F-B890514245EF}.Debug|x86.Deploy.0 = Debug|x86
		{AD12C81A-4AE1-4873-AF7F-B890514245EF}.Release|Any CPU.ActiveCfg = Release|x86
		{AD12C81A-4AE1-4873-AF7F-B890514245EF}.Release|Any CPU.Build.0 = Release|x86
		{AD12C81A-4AE1-4873-AF7F-B890514245EF}.Release|Any CPU.Deploy.0 = Release|x86
		{AD12C81A-4AE1-4873-AF7F-B890514245EF}.Release|ARM.ActiveCfg = Release|ARM
		{AD12C81A-4AE1-4873-AF7F-B890514245EF}.Release|ARM.Build.0 = Release|ARM
		{AD12C81A-4AE1-4873-AF7F-B890514245EF}.Release|ARM.Deploy.0 = Release|ARM
		{AD12C81A-4AE1-4873-AF7F-B890514245EF}.Release|iPhone.ActiveCfg = Release|x86
		{AD12C81A-4AE1-4873-AF7F-B890514245EF}.Release|iPhone.Build.0 = Release|x86
		{AD12C81A-4AE1-4873-AF7F-B890514245EF}.Release|iPhone.Deploy.0 = Release|x86
		{AD12C81A-4AE1-4873-AF7F-B890514245EF}.Release|iPhoneSimulator.ActiveCfg = Release|x86
		{AD12C81A-4AE1-4873-AF7F-B890514245EF}.Release|iPhoneSimulator.Build.0 = Release|x86
		{AD12C81A-4AE1-4873-AF7F-B890514245EF}.Release|iPhoneSimulator.Deploy.0 = Release|x86
		{AD12C81A-4AE1-4873-AF7F-B890514245EF}.Release|x64.ActiveCfg = Release|x64
		{AD12C81A-4AE1-4873-AF7F-B890514245EF}.Release|x64.Build.0 = Release|x64
		{AD12C81A-4AE1-4873-AF7F-B890514245EF}.Release|x64.Deploy.0 = Release|x64
		{AD12C81A-4AE1-4873-AF7F-B890514245EF}.Release|x86.ActiveCfg = Release|x86
		{AD12C81A-4AE1-4873-AF7F-B890514245EF}.Release|x86.Build.0 = Release|x86
		{AD12C81A-4AE1-4873-AF7F-B890514245EF}.Release|x86.Deploy.0 = Release|x86
		{744F9E19-42E7-46C4-814F-8BA6B812DB27}.Ad-Hoc|Any CPU.ActiveCfg = Debug|Any CPU
		{744F9E19-42E7-46C4-814F-8BA6B812DB27}.Ad-Hoc|Any CPU.Build.0 = Debug|Any CPU
		{744F9E19-42E7-46C4-814F-8BA6B812DB27}.Ad-Hoc|Any CPU.Deploy.0 = Debug|Any CPU
		{744F9E19-42E7-46C4-814F-8BA6B812DB27}.Ad-Hoc|ARM.ActiveCfg = Debug|Any CPU
		{744F9E19-42E7-46C4-814F-8BA6B812DB27}.Ad-Hoc|ARM.Build.0 = Debug|Any CPU
		{744F9E19-42E7-46C4-814F-8BA6B812DB27}.Ad-Hoc|ARM.Deploy.0 = Debug|Any CPU
		{744F9E19-42E7-46C4-814F-8BA6B812DB27}.Ad-Hoc|iPhone.ActiveCfg = Debug|Any CPU
		{744F9E19-42E7-46C4-814F-8BA6B812DB27}.Ad-Hoc|iPhone.Build.0 = Debug|Any CPU
		{744F9E19-42E7-46C4-814F-8BA6B812DB27}.Ad-Hoc|iPhone.Deploy.0 = Debug|Any CPU
		{744F9E19-42E7-46C4-814F-8BA6B812DB27}.Ad-Hoc|iPhoneSimulator.ActiveCfg = Debug|Any CPU
		{744F9E19-42E7-46C4-814F-8BA6B812DB27}.Ad-Hoc|iPhoneSimulator.Build.0 = Debug|Any CPU
		{744F9E19-42E7-46C4-814F-8BA6B812DB27}.Ad-Hoc|iPhoneSimulator.Deploy.0 = Debug|Any CPU
		{744F9E19-42E7-46C4-814F-8BA6B812DB27}.Ad-Hoc|x64.ActiveCfg = Debug|Any CPU
		{744F9E19-42E7-46C4-814F-8BA6B812DB27}.Ad-Hoc|x64.Build.0 = Debug|Any CPU
		{744F9E19-42E7-46C4-814F-8BA6B812DB27}.Ad-Hoc|x64.Deploy.0 = Debug|Any CPU
		{744F9E19-42E7-46C4-814F-8BA6B812DB27}.Ad-Hoc|x86.ActiveCfg = Debug|Any CPU
		{744F9E19-42E7-46C4-814F-8BA6B812DB27}.Ad-Hoc|x86.Build.0 = Debug|Any CPU
		{744F9E19-42E7-46C4-814F-8BA6B812DB27}.Ad-Hoc|x86.Deploy.0 = Debug|Any CPU
		{744F9E19-42E7-46C4-814F-8BA6B812DB27}.AppStore|Any CPU.ActiveCfg = Debug|Any CPU
		{744F9E19-42E7-46C4-814F-8BA6B812DB27}.AppStore|Any CPU.Build.0 = Debug|Any CPU
		{744F9E19-42E7-46C4-814F-8BA6B812DB27}.AppStore|Any CPU.Deploy.0 = Debug|Any CPU
		{744F9E19-42E7-46C4-814F-8BA6B812DB27}.AppStore|ARM.ActiveCfg = Debug|Any CPU
		{744F9E19-42E7-46C4-814F-8BA6B812DB27}.AppStore|ARM.Build.0 = Debug|Any CPU
		{744F9E19-42E7-46C4-814F-8BA6B812DB27}.AppStore|ARM.Deploy.0 = Debug|Any CPU
		{744F9E19-42E7-46C4-814F-8BA6B812DB27}.AppStore|iPhone.ActiveCfg = Debug|Any CPU
		{744F9E19-42E7-46C4-814F-8BA6B812DB27}.AppStore|iPhone.Build.0 = Debug|Any CPU
		{744F9E19-42E7-46C4-814F-8BA6B812DB27}.AppStore|iPhone.Deploy.0 = Debug|Any CPU
		{744F9E19-42E7-46C4-814F-8BA6B812DB27}.AppStore|iPhoneSimulator.ActiveCfg = Debug|Any CPU
		{744F9E19-42E7-46C4-814F-8BA6B812DB27}.AppStore|iPhoneSimulator.Build.0 = Debug|Any CPU
		{744F9E19-42E7-46C4-814F-8BA6B812DB27}.AppStore|iPhoneSimulator.Deploy.0 = Debug|Any CPU
		{744F9E19-42E7-46C4-814F-8BA6B812DB27}.AppStore|x64.ActiveCfg = Debug|Any CPU
		{744F9E19-42E7-46C4-814F-8BA6B812DB27}.AppStore|x64.Build.0 = Debug|Any CPU
		{744F9E19-42E7-46C4-814F-8BA6B812DB27}.AppStore|x64.Deploy.0 = Debug|Any CPU
		{744F9E19-42E7-46C4-814F-8BA6B812DB27}.AppStore|x86.ActiveCfg = Debug|Any CPU
		{744F9E19-42E7-46C4-814F-8BA6B812DB27}.AppStore|x86.Build.0 = Debug|Any CPU
		{744F9E19-42E7-46C4-814F-8BA6B812DB27}.AppStore|x86.Deploy.0 = Debug|Any CPU
		{744F9E19-42E7-46C4-814F-8BA6B812DB27}.Debug|Any CPU.ActiveCfg = Debug|Any CPU
		{744F9E19-42E7-46C4-814F-8BA6B812DB27}.Debug|Any CPU.Build.0 = Debug|Any CPU
		{744F9E19-42E7-46C4-814F-8BA6B812DB27}.Debug|Any CPU.Deploy.0 = Debug|Any CPU
		{744F9E19-42E7-46C4-814F-8BA6B812DB27}.Debug|ARM.ActiveCfg = Debug|Any CPU
		{744F9E19-42E7-46C4-814F-8BA6B812DB27}.Debug|ARM.Build.0 = Debug|Any CPU
		{744F9E19-42E7-46C4-814F-8BA6B812DB27}.Debug|ARM.Deploy.0 = Debug|Any CPU
		{744F9E19-42E7-46C4-814F-8BA6B812DB27}.Debug|iPhone.ActiveCfg = Debug|Any CPU
		{744F9E19-42E7-46C4-814F-8BA6B812DB27}.Debug|iPhone.Build.0 = Debug|Any CPU
		{744F9E19-42E7-46C4-814F-8BA6B812DB27}.Debug|iPhone.Deploy.0 = Debug|Any CPU
		{744F9E19-42E7-46C4-814F-8BA6B812DB27}.Debug|iPhoneSimulator.ActiveCfg = Debug|Any CPU
		{744F9E19-42E7-46C4-814F-8BA6B812DB27}.Debug|iPhoneSimulator.Build.0 = Debug|Any CPU
		{744F9E19-42E7-46C4-814F-8BA6B812DB27}.Debug|iPhoneSimulator.Deploy.0 = Debug|Any CPU
		{744F9E19-42E7-46C4-814F-8BA6B812DB27}.Debug|x64.ActiveCfg = Debug|Any CPU
		{744F9E19-42E7-46C4-814F-8BA6B812DB27}.Debug|x64.Build.0 = Debug|Any CPU
		{744F9E19-42E7-46C4-814F-8BA6B812DB27}.Debug|x64.Deploy.0 = Debug|Any CPU
		{744F9E19-42E7-46C4-814F-8BA6B812DB27}.Debug|x86.ActiveCfg = Debug|Any CPU
		{744F9E19-42E7-46C4-814F-8BA6B812DB27}.Debug|x86.Build.0 = Debug|Any CPU
		{744F9E19-42E7-46C4-814F-8BA6B812DB27}.Debug|x86.Deploy.0 = Debug|Any CPU
		{744F9E19-42E7-46C4-814F-8BA6B812DB27}.Release|Any CPU.ActiveCfg = Release|Any CPU
		{744F9E19-42E7-46C4-814F-8BA6B812DB27}.Release|Any CPU.Build.0 = Release|Any CPU
		{744F9E19-42E7-46C4-814F-8BA6B812DB27}.Release|Any CPU.Deploy.0 = Release|Any CPU
		{744F9E19-42E7-46C4-814F-8BA6B812DB27}.Release|ARM.ActiveCfg = Release|Any CPU
		{744F9E19-42E7-46C4-814F-8BA6B812DB27}.Release|ARM.Build.0 = Release|Any CPU
		{744F9E19-42E7-46C4-814F-8BA6B812DB27}.Release|ARM.Deploy.0 = Release|Any CPU
		{744F9E19-42E7-46C4-814F-8BA6B812DB27}.Release|iPhone.ActiveCfg = Release|Any CPU
		{744F9E19-42E7-46C4-814F-8BA6B812DB27}.Release|iPhone.Build.0 = Release|Any CPU
		{744F9E19-42E7-46C4-814F-8BA6B812DB27}.Release|iPhone.Deploy.0 = Release|Any CPU
		{744F9E19-42E7-46C4-814F-8BA6B812DB27}.Release|iPhoneSimulator.ActiveCfg = Release|Any CPU
		{744F9E19-42E7-46C4-814F-8BA6B812DB27}.Release|iPhoneSimulator.Build.0 = Release|Any CPU
		{744F9E19-42E7-46C4-814F-8BA6B812DB27}.Release|iPhoneSimulator.Deploy.0 = Release|Any CPU
		{744F9E19-42E7-46C4-814F-8BA6B812DB27}.Release|x64.ActiveCfg = Release|Any CPU
		{744F9E19-42E7-46C4-814F-8BA6B812DB27}.Release|x64.Build.0 = Release|Any CPU
		{744F9E19-42E7-46C4-814F-8BA6B812DB27}.Release|x64.Deploy.0 = Release|Any CPU
		{744F9E19-42E7-46C4-814F-8BA6B812DB27}.Release|x86.ActiveCfg = Release|Any CPU
		{744F9E19-42E7-46C4-814F-8BA6B812DB27}.Release|x86.Build.0 = Release|Any CPU
		{744F9E19-42E7-46C4-814F-8BA6B812DB27}.Release|x86.Deploy.0 = Release|Any CPU
	EndGlobalSection
	GlobalSection(SolutionProperties) = preSolution
		HideSolutionNode = FALSE
	EndGlobalSection
	GlobalSection(ExtensibilityGlobals) = postSolution
		SolutionGuid = {A3074A72-04D1-46E8-A4F2-89DFC2148E26}
	EndGlobalSection
EndGlobal
